
Microsoft Visual Studio Solution File, Format Version 12.00
# Visual Studio Version 17
VisualStudioVersion = 17.7.34031.279
MinimumVisualStudioVersion = 10.0.40219.1
Project("{FAE04EC0-301F-11D3-BF4B-00C04F79EFBC}") = "c-project-3-Youssef-mahtar", "c-project-3-Youssef-mahtar.csproj", "{1D862BF7-7842-4B1F-98DC-1656AD3EB541}"
EndProject
Global
	GlobalSection(SolutionConfigurationPlatforms) = preSolution
		Debug|Any CPU = Debug|Any CPU
		Release|Any CPU = Release|Any CPU
	EndGlobalSection
	GlobalSection(ProjectConfigurationPlatforms) = postSolution
		{1D862BF7-7842-4B1F-98DC-1656AD3EB541}.Debug|Any CPU.ActiveCfg = Debug|Any CPU
		{1D862BF7-7842-4B1F-98DC-1656AD3EB541}.Debug|Any CPU.Build.0 = Debug|Any CPU
		{1D862BF7-7842-4B1F-98DC-1656AD3EB541}.Release|Any CPU.ActiveCfg = Release|Any CPU
		{1D862BF7-7842-4B1F-98DC-1656AD3EB541}.Release|Any CPU.Build.0 = Release|Any CPU
	EndGlobalSection
	GlobalSection(SolutionProperties) = preSolution
		HideSolutionNode = FALSE
	EndGlobalSection
	GlobalSection(ExtensibilityGlobals) = postSolution
		SolutionGuid = {52DAF219-EEA3-46C8-86CD-3E42659F94A6}
	EndGlobalSection
EndGlobal
